
Microsoft Visual Studio Solution File, Format Version 12.00
# Visual Studio Version 16
VisualStudioVersion = 16.0.31729.503
MinimumVisualStudioVersion = 10.0.40219.1
Project("{FAE04EC0-301F-11D3-BF4B-00C04F79EFBC}") = "[SKYNET] Content Searcher", "[SKYNET] Content Searcher\[SKYNET] Content Searcher.csproj", "{86B7AF5C-3A80-4B9F-940B-25DF1C03C8D0}"
EndProject
Global
	GlobalSection(SolutionConfigurationPlatforms) = preSolution
		Debug|Any CPU = Debug|Any CPU
		Release|Any CPU = Release|Any CPU
	EndGlobalSection
	GlobalSection(ProjectConfigurationPlatforms) = postSolution
		{86B7AF5C-3A80-4B9F-940B-25DF1C03C8D0}.Debug|Any CPU.ActiveCfg = Debug|Any CPU
		{86B7AF5C-3A80-4B9F-940B-25DF1C03C8D0}.Debug|Any CPU.Build.0 = Debug|Any CPU
		{86B7AF5C-3A80-4B9F-940B-25DF1C03C8D0}.Release|Any CPU.ActiveCfg = Release|Any CPU
		{86B7AF5C-3A80-4B9F-940B-25DF1C03C8D0}.Release|Any CPU.Build.0 = Release|Any CPU
	EndGlobalSection
	GlobalSection(SolutionProperties) = preSolution
		HideSolutionNode = FALSE
	EndGlobalSection
	GlobalSection(ExtensibilityGlobals) = postSolution
		SolutionGuid = {D02292D1-28F7-4E49-91FB-EAA822145B0C}
	EndGlobalSection
EndGlobal
